
Microsoft Visual Studio Solution File, Format Version 12.00
# Visual Studio Version 17
VisualStudioVersion = 17.9.34723.18
MinimumVisualStudioVersion = 10.0.40219.1
Project("{8BC9CEB8-8B4A-11D0-8D11-00A0C91BC942}") = "Project1", "Project1\Project1.vcxproj", "{289EB4A8-5B39-4108-A6B3-CE9CFF42F6D5}"
EndProject
Project("{8BC9CEB8-8B4A-11D0-8D11-00A0C91BC942}") = "Sample-Test1", "Sample-Test1\Sample-Test1.vcxproj", "{6640F62E-CF1C-476C-9D08-D6C432017E30}"
EndProject
Project("{8BC9CEB8-8B4A-11D0-8D11-00A0C91BC942}") = "Refactoring", "Refactoring\Refactoring.vcxproj", "{16F07AEE-6F06-47A4-A4A2-3A3EE93562AB}"
EndProject
Project("{8BC9CEB8-8B4A-11D0-8D11-00A0C91BC942}") = "Sample-Test2", "Sample-Test2\Sample-Test2.vcxproj", "{A8852A62-BE29-4860-804B-AF60CD8DD845}"
EndProject
Project("{8BC9CEB8-8B4A-11D0-8D11-00A0C91BC942}") = "GildedRose", "GildedRose\GildedRose.vcxproj", "{F6543BF9-025F-43CA-97FC-D6D6CD125384}"
EndProject
Project("{8BC9CEB8-8B4A-11D0-8D11-00A0C91BC942}") = "GuildRoseTest", "GuildRoseTest\GuildRoseTest.vcxproj", "{9EE0F79A-9228-43CC-913E-7021F17B20AA}"
EndProject
Project("{8BC9CEB8-8B4A-11D0-8D11-00A0C91BC942}") = "VideoRental", "EventHandler\EventHandler.vcxproj", "{14AC371C-D1C0-4DF4-B340-FB86B76597B5}"
EndProject
Project("{8BC9CEB8-8B4A-11D0-8D11-00A0C91BC942}") = "VideoRentalTest", "VideoRentalTest\VideoRentalTest.vcxproj", "{FC07383C-5E7B-48DC-BC7B-6346DEB1DD32}"
EndProject
Project("{8BC9CEB8-8B4A-11D0-8D11-00A0C91BC942}") = "Doll", "Doll\Doll.vcxproj", "{342354FD-8803-4686-ADA1-2988A1ADC7E1}"
EndProject
Project("{8BC9CEB8-8B4A-11D0-8D11-00A0C91BC942}") = "Trivia", "Trivia\Trivia.vcxproj", "{5045B212-69E3-4975-B728-DD1C80BB740C}"
EndProject
Project("{8BC9CEB8-8B4A-11D0-8D11-00A0C91BC942}") = "Trivia_Test", "Trivia_Test\Trivia_Test.vcxproj", "{87DD6DB1-7457-4E21-927C-742A5F5E5CA7}"
EndProject
Project("{8BC9CEB8-8B4A-11D0-8D11-00A0C91BC942}") = "TDD1", "TDD1\TDD1.vcxproj", "{2BF78079-7275-4D41-A470-8A2152A25B56}"
EndProject
Project("{8BC9CEB8-8B4A-11D0-8D11-00A0C91BC942}") = "TDD1_TEST", "TDD1_TEST\TDD1_TEST.vcxproj", "{39F20BF9-B4FA-4915-B56F-0F51BB1A9149}"
EndProject
Project("{8BC9CEB8-8B4A-11D0-8D11-00A0C91BC942}") = "SourceTreeTest", "SourceTreeTest\SourceTreeTest.vcxproj", "{9841F617-020A-4FF6-9168-2D2F2F96707C}"
EndProject
Project("{8BC9CEB8-8B4A-11D0-8D11-00A0C91BC942}") = "SourceTreeGoogleTest", "SourceTreeGoogleTest\SourceTreeGoogleTest.vcxproj", "{1C11B367-AD91-4EDC-B2A7-E8436DEE6319}"
EndProject
Project("{2150E333-8FDC-42A3-9474-1A3956D46DE8}") = "솔루션 항목", "솔루션 항목", "{20FA8245-9973-4DB4-AEDD-65E290D54377}"
	ProjectSection(SolutionItems) = preProject
		.gitignore = .gitignore
		Readme.md = Readme.md
	EndProjectSection
EndProject
Global
	GlobalSection(SolutionConfigurationPlatforms) = preSolution
		Debug|x64 = Debug|x64
		Debug|x86 = Debug|x86
		Release|x64 = Release|x64
		Release|x86 = Release|x86
	EndGlobalSection
	GlobalSection(ProjectConfigurationPlatforms) = postSolution
		{289EB4A8-5B39-4108-A6B3-CE9CFF42F6D5}.Debug|x64.ActiveCfg = Debug|x64
		{289EB4A8-5B39-4108-A6B3-CE9CFF42F6D5}.Debug|x64.Build.0 = Debug|x64
		{289EB4A8-5B39-4108-A6B3-CE9CFF42F6D5}.Debug|x86.ActiveCfg = Debug|Win32
		{289EB4A8-5B39-4108-A6B3-CE9CFF42F6D5}.Debug|x86.Build.0 = Debug|Win32
		{289EB4A8-5B39-4108-A6B3-CE9CFF42F6D5}.Release|x64.ActiveCfg = Release|x64
		{289EB4A8-5B39-4108-A6B3-CE9CFF42F6D5}.Release|x64.Build.0 = Release|x64
		{289EB4A8-5B39-4108-A6B3-CE9CFF42F6D5}.Release|x86.ActiveCfg = Release|Win32
		{289EB4A8-5B39-4108-A6B3-CE9CFF42F6D5}.Release|x86.Build.0 = Release|Win32
		{6640F62E-CF1C-476C-9D08-D6C432017E30}.Debug|x64.ActiveCfg = Debug|x64
		{6640F62E-CF1C-476C-9D08-D6C432017E30}.Debug|x64.Build.0 = Debug|x64
		{6640F62E-CF1C-476C-9D08-D6C432017E30}.Debug|x86.ActiveCfg = Debug|Win32
		{6640F62E-CF1C-476C-9D08-D6C432017E30}.Debug|x86.Build.0 = Debug|Win32
		{6640F62E-CF1C-476C-9D08-D6C432017E30}.Release|x64.ActiveCfg = Release|x64
		{6640F62E-CF1C-476C-9D08-D6C432017E30}.Release|x64.Build.0 = Release|x64
		{6640F62E-CF1C-476C-9D08-D6C432017E30}.Release|x86.ActiveCfg = Release|Win32
		{6640F62E-CF1C-476C-9D08-D6C432017E30}.Release|x86.Build.0 = Release|Win32
		{16F07AEE-6F06-47A4-A4A2-3A3EE93562AB}.Debug|x64.ActiveCfg = Debug|x64
		{16F07AEE-6F06-47A4-A4A2-3A3EE93562AB}.Debug|x64.Build.0 = Debug|x64
		{16F07AEE-6F06-47A4-A4A2-3A3EE93562AB}.Debug|x86.ActiveCfg = Debug|Win32
		{16F07AEE-6F06-47A4-A4A2-3A3EE93562AB}.Debug|x86.Build.0 = Debug|Win32
		{16F07AEE-6F06-47A4-A4A2-3A3EE93562AB}.Release|x64.ActiveCfg = Release|x64
		{16F07AEE-6F06-47A4-A4A2-3A3EE93562AB}.Release|x64.Build.0 = Release|x64
		{16F07AEE-6F06-47A4-A4A2-3A3EE93562AB}.Release|x86.ActiveCfg = Release|Win32
		{16F07AEE-6F06-47A4-A4A2-3A3EE93562AB}.Release|x86.Build.0 = Release|Win32
		{A8852A62-BE29-4860-804B-AF60CD8DD845}.Debug|x64.ActiveCfg = Debug|x64
		{A8852A62-BE29-4860-804B-AF60CD8DD845}.Debug|x64.Build.0 = Debug|x64
		{A8852A62-BE29-4860-804B-AF60CD8DD845}.Debug|x86.ActiveCfg = Debug|Win32
		{A8852A62-BE29-4860-804B-AF60CD8DD845}.Debug|x86.Build.0 = Debug|Win32
		{A8852A62-BE29-4860-804B-AF60CD8DD845}.Release|x64.ActiveCfg = Release|x64
		{A8852A62-BE29-4860-804B-AF60CD8DD845}.Release|x64.Build.0 = Release|x64
		{A8852A62-BE29-4860-804B-AF60CD8DD845}.Release|x86.ActiveCfg = Release|Win32
		{A8852A62-BE29-4860-804B-AF60CD8DD845}.Release|x86.Build.0 = Release|Win32
		{F6543BF9-025F-43CA-97FC-D6D6CD125384}.Debug|x64.ActiveCfg = Debug|x64
		{F6543BF9-025F-43CA-97FC-D6D6CD125384}.Debug|x64.Build.0 = Debug|x64
		{F6543BF9-025F-43CA-97FC-D6D6CD125384}.Debug|x86.ActiveCfg = Debug|Win32
		{F6543BF9-025F-43CA-97FC-D6D6CD125384}.Debug|x86.Build.0 = Debug|Win32
		{F6543BF9-025F-43CA-97FC-D6D6CD125384}.Release|x64.ActiveCfg = Release|x64
		{F6543BF9-025F-43CA-97FC-D6D6CD125384}.Release|x64.Build.0 = Release|x64
		{F6543BF9-025F-43CA-97FC-D6D6CD125384}.Release|x86.ActiveCfg = Release|Win32
		{F6543BF9-025F-43CA-97FC-D6D6CD125384}.Release|x86.Build.0 = Release|Win32
		{9EE0F79A-9228-43CC-913E-7021F17B20AA}.Debug|x64.ActiveCfg = Debug|x64
		{9EE0F79A-9228-43CC-913E-7021F17B20AA}.Debug|x64.Build.0 = Debug|x64
		{9EE0F79A-9228-43CC-913E-7021F17B20AA}.Debug|x86.ActiveCfg = Debug|Win32
		{9EE0F79A-9228-43CC-913E-7021F17B20AA}.Debug|x86.Build.0 = Debug|Win32
		{9EE0F79A-9228-43CC-913E-7021F17B20AA}.Release|x64.ActiveCfg = Release|x64
		{9EE0F79A-9228-43CC-913E-7021F17B20AA}.Release|x64.Build.0 = Release|x64
		{9EE0F79A-9228-43CC-913E-7021F17B20AA}.Release|x86.ActiveCfg = Release|Win32
		{9EE0F79A-9228-43CC-913E-7021F17B20AA}.Release|x86.Build.0 = Release|Win32
		{14AC371C-D1C0-4DF4-B340-FB86B76597B5}.Debug|x64.ActiveCfg = Debug|x64
		{14AC371C-D1C0-4DF4-B340-FB86B76597B5}.Debug|x64.Build.0 = Debug|x64
		{14AC371C-D1C0-4DF4-B340-FB86B76597B5}.Debug|x86.ActiveCfg = Debug|Win32
		{14AC371C-D1C0-4DF4-B340-FB86B76597B5}.Debug|x86.Build.0 = Debug|Win32
		{14AC371C-D1C0-4DF4-B340-FB86B76597B5}.Release|x64.ActiveCfg = Release|x64
		{14AC371C-D1C0-4DF4-B340-FB86B76597B5}.Release|x64.Build.0 = Release|x64
		{14AC371C-D1C0-4DF4-B340-FB86B76597B5}.Release|x86.ActiveCfg = Release|Win32
		{14AC371C-D1C0-4DF4-B340-FB86B76597B5}.Release|x86.Build.0 = Release|Win32
		{FC07383C-5E7B-48DC-BC7B-6346DEB1DD32}.Debug|x64.ActiveCfg = Debug|x64
		{FC07383C-5E7B-48DC-BC7B-6346DEB1DD32}.Debug|x64.Build.0 = Debug|x64
		{FC07383C-5E7B-48DC-BC7B-6346DEB1DD32}.Debug|x86.ActiveCfg = Debug|Win32
		{FC07383C-5E7B-48DC-BC7B-6346DEB1DD32}.Debug|x86.Build.0 = Debug|Win32
		{FC07383C-5E7B-48DC-BC7B-6346DEB1DD32}.Release|x64.ActiveCfg = Release|x64
		{FC07383C-5E7B-48DC-BC7B-6346DEB1DD32}.Release|x64.Build.0 = Release|x64
		{FC07383C-5E7B-48DC-BC7B-6346DEB1DD32}.Release|x86.ActiveCfg = Release|Win32
		{FC07383C-5E7B-48DC-BC7B-6346DEB1DD32}.Release|x86.Build.0 = Release|Win32
		{342354FD-8803-4686-ADA1-2988A1ADC7E1}.Debug|x64.ActiveCfg = Debug|x64
		{342354FD-8803-4686-ADA1-2988A1ADC7E1}.Debug|x64.Build.0 = Debug|x64
		{342354FD-8803-4686-ADA1-2988A1ADC7E1}.Debug|x86.ActiveCfg = Debug|Win32
		{342354FD-8803-4686-ADA1-2988A1ADC7E1}.Debug|x86.Build.0 = Debug|Win32
		{342354FD-8803-4686-ADA1-2988A1ADC7E1}.Release|x64.ActiveCfg = Release|x64
		{342354FD-8803-4686-ADA1-2988A1ADC7E1}.Release|x64.Build.0 = Release|x64
		{342354FD-8803-4686-ADA1-2988A1ADC7E1}.Release|x86.ActiveCfg = Release|Win32
		{342354FD-8803-4686-ADA1-2988A1ADC7E1}.Release|x86.Build.0 = Release|Win32
		{5045B212-69E3-4975-B728-DD1C80BB740C}.Debug|x64.ActiveCfg = Debug|x64
		{5045B212-69E3-4975-B728-DD1C80BB740C}.Debug|x64.Build.0 = Debug|x64
		{5045B212-69E3-4975-B728-DD1C80BB740C}.Debug|x86.ActiveCfg = Debug|Win32
		{5045B212-69E3-4975-B728-DD1C80BB740C}.Debug|x86.Build.0 = Debug|Win32
		{5045B212-69E3-4975-B728-DD1C80BB740C}.Release|x64.ActiveCfg = Release|x64
		{5045B212-69E3-4975-B728-DD1C80BB740C}.Release|x64.Build.0 = Release|x64
		{5045B212-69E3-4975-B728-DD1C80BB740C}.Release|x86.ActiveCfg = Release|Win32
		{5045B212-69E3-4975-B728-DD1C80BB740C}.Release|x86.Build.0 = Release|Win32
		{87DD6DB1-7457-4E21-927C-742A5F5E5CA7}.Debug|x64.ActiveCfg = Debug|x64
		{87DD6DB1-7457-4E21-927C-742A5F5E5CA7}.Debug|x64.Build.0 = Debug|x64
		{87DD6DB1-7457-4E21-927C-742A5F5E5CA7}.Debug|x86.ActiveCfg = Debug|Win32
		{87DD6DB1-7457-4E21-927C-742A5F5E5CA7}.Debug|x86.Build.0 = Debug|Win32
		{87DD6DB1-7457-4E21-927C-742A5F5E5CA7}.Release|x64.ActiveCfg = Release|x64
		{87DD6DB1-7457-4E21-927C-742A5F5E5CA7}.Release|x64.Build.0 = Release|x64
		{87DD6DB1-7457-4E21-927C-742A5F5E5CA7}.Release|x86.ActiveCfg = Release|Win32
		{87DD6DB1-7457-4E21-927C-742A5F5E5CA7}.Release|x86.Build.0 = Release|Win32
		{2BF78079-7275-4D41-A470-8A2152A25B56}.Debug|x64.ActiveCfg = Debug|x64
		{2BF78079-7275-4D41-A470-8A2152A25B56}.Debug|x64.Build.0 = Debug|x64
		{2BF78079-7275-4D41-A470-8A2152A25B56}.Debug|x86.ActiveCfg = Debug|Win32
		{2BF78079-7275-4D41-A470-8A2152A25B56}.Debug|x86.Build.0 = Debug|Win32
		{2BF78079-7275-4D41-A470-8A2152A25B56}.Release|x64.ActiveCfg = Release|x64
		{2BF78079-7275-4D41-A470-8A2152A25B56}.Release|x64.Build.0 = Release|x64
		{2BF78079-7275-4D41-A470-8A2152A25B56}.Release|x86.ActiveCfg = Release|Win32
		{2BF78079-7275-4D41-A470-8A2152A25B56}.Release|x86.Build.0 = Release|Win32
		{39F20BF9-B4FA-4915-B56F-0F51BB1A9149}.Debug|x64.ActiveCfg = Debug|x64
		{39F20BF9-B4FA-4915-B56F-0F51BB1A9149}.Debug|x64.Build.0 = Debug|x64
		{39F20BF9-B4FA-4915-B56F-0F51BB1A9149}.Debug|x86.ActiveCfg = Debug|Win32
		{39F20BF9-B4FA-4915-B56F-0F51BB1A9149}.Debug|x86.Build.0 = Debug|Win32
		{39F20BF9-B4FA-4915-B56F-0F51BB1A9149}.Release|x64.ActiveCfg = Release|x64
		{39F20BF9-B4FA-4915-B56F-0F51BB1A9149}.Release|x64.Build.0 = Release|x64
		{39F20BF9-B4FA-4915-B56F-0F51BB1A9149}.Release|x86.ActiveCfg = Release|Win32
		{39F20BF9-B4FA-4915-B56F-0F51BB1A9149}.Release|x86.Build.0 = Release|Win32
		{9841F617-020A-4FF6-9168-2D2F2F96707C}.Debug|x64.ActiveCfg = Debug|x64
		{9841F617-020A-4FF6-9168-2D2F2F96707C}.Debug|x64.Build.0 = Debug|x64
		{9841F617-020A-4FF6-9168-2D2F2F96707C}.Debug|x86.ActiveCfg = Debug|Win32
		{9841F617-020A-4FF6-9168-2D2F2F96707C}.Debug|x86.Build.0 = Debug|Win32
		{9841F617-020A-4FF6-9168-2D2F2F96707C}.Release|x64.ActiveCfg = Release|x64
		{9841F617-020A-4FF6-9168-2D2F2F96707C}.Release|x64.Build.0 = Release|x64
		{9841F617-020A-4FF6-9168-2D2F2F96707C}.Release|x86.ActiveCfg = Release|Win32
		{9841F617-020A-4FF6-9168-2D2F2F96707C}.Release|x86.Build.0 = Release|Win32
		{1C11B367-AD91-4EDC-B2A7-E8436DEE6319}.Debug|x64.ActiveCfg = Debug|x64
		{1C11B367-AD91-4EDC-B2A7-E8436DEE6319}.Debug|x64.Build.0 = Debug|x64
		{1C11B367-AD91-4EDC-B2A7-E8436DEE6319}.Debug|x86.ActiveCfg = Debug|Win32
		{1C11B367-AD91-4EDC-B2A7-E8436DEE6319}.Debug|x86.Build.0 = Debug|Win32
		{1C11B367-AD91-4EDC-B2A7-E8436DEE6319}.Release|x64.ActiveCfg = Release|x64
		{1C11B367-AD91-4EDC-B2A7-E8436DEE6319}.Release|x64.Build.0 = Release|x64
		{1C11B367-AD91-4EDC-B2A7-E8436DEE6319}.Release|x86.ActiveCfg = Release|Win32
		{1C11B367-AD91-4EDC-B2A7-E8436DEE6319}.Release|x86.Build.0 = Release|Win32
	EndGlobalSection
	GlobalSection(SolutionProperties) = preSolution
		HideSolutionNode = FALSE
	EndGlobalSection
	GlobalSection(ExtensibilityGlobals) = postSolution
		SolutionGuid = {8A3CB0CD-6968-435F-893B-A0E128507D8A}
	EndGlobalSection
EndGlobal
